
Microsoft Visual Studio Solution File, Format Version 12.00
# Visual Studio Version 17
VisualStudioVersion = 17.14.36414.22
MinimumVisualStudioVersion = 10.0.40219.1
Project("{FAE04EC0-301F-11D3-BF4B-00C04F79EFBC}") = "ConsoleAppDelegates", "ConsoleAppDelegates\ConsoleAppDelegates.csproj", "{64A7792D-C4DF-4152-B1C6-B560747BB652}"
EndProject
Project("{FAE04EC0-301F-11D3-BF4B-00C04F79EFBC}") = "ConsoleAppEvent", "ConsoleAppEvent\ConsoleAppEvent.csproj", "{09FAAA80-101F-439F-846D-7068A2381061}"
EndProject
Project("{FAE04EC0-301F-11D3-BF4B-00C04F79EFBC}") = "ConsoleAppDelegatesQnsOne", "ConsoleAppDelegatesQnsOne\ConsoleAppDelegatesQnsOne.csproj", "{56004780-9A53-46FE-A466-A3375560D246}"
EndProject
Project("{FAE04EC0-301F-11D3-BF4B-00C04F79EFBC}") = "ConsoleAppFileHandling", "ConsoleAppFileHandling\ConsoleAppFileHandling.csproj", "{997C98B2-6EB6-4339-8764-45477B594AE9}"
EndProject
Project("{FAE04EC0-301F-11D3-BF4B-00C04F79EFBC}") = "ClassLibraryDatabaseConnection", "ClassLibraryDatabaseConnection\ClassLibraryDatabaseConnection.csproj", "{463A5BE5-F9A5-42D3-820B-53945A4C1F2C}"
EndProject
Project("{FAE04EC0-301F-11D3-BF4B-00C04F79EFBC}") = "ConsoleAppADODemo", "ConsoleAppADODemo\ConsoleAppADODemo.csproj", "{5F229CF8-9C6A-4D6C-A6A2-6CCFD8A5465F}"
EndProject
Project("{FAE04EC0-301F-11D3-BF4B-00C04F79EFBC}") = "ConsoleAppExceptionHandlingOne", "ConsoleAppExceptionHandlingOne\ConsoleAppExceptionHandlingOne.csproj", "{E83E86BC-12C7-44F5-9DDD-07AEA6287BA1}"
EndProject
Project("{FAE04EC0-301F-11D3-BF4B-00C04F79EFBC}") = "ConsoleAppExceptionHandlingTwo", "ConsoleAppExceptionHandlingTwo\ConsoleAppExceptionHandlingTwo.csproj", "{FDB6FDBB-EE46-4C39-ADA3-7295DD14F73F}"
EndProject
Project("{FAE04EC0-301F-11D3-BF4B-00C04F79EFBC}") = "ConsoleAppExceptionThree", "ConsoleAppExceptionThree\ConsoleAppExceptionThree.csproj", "{B828832F-C385-4463-908B-83D44A30D4A0}"
EndProject
Project("{FAE04EC0-301F-11D3-BF4B-00C04F79EFBC}") = "ConsoleAppExceptionFour", "ConsoleAppExceptionFour\ConsoleAppExceptionFour.csproj", "{0884E699-61F8-4D11-A15E-3BB2E21D3ED1}"
EndProject
Project("{FAE04EC0-301F-11D3-BF4B-00C04F79EFBC}") = "ArraySortingDelegate", "ArraySortingDelegate\ArraySortingDelegate.csproj", "{6B94D570-5791-42A6-853D-014AA31CF45F}"
EndProject
Project("{FAE04EC0-301F-11D3-BF4B-00C04F79EFBC}") = "AutoPartsStore", "AutoPartsStore\AutoPartsStore.csproj", "{B9AF54D2-1F73-4206-9C35-AE0639A45F8A}"
EndProject
Project("{FAE04EC0-301F-11D3-BF4B-00C04F79EFBC}") = "CurriculumVitaeGenerator", "CurriculumVitaeGenerator\CurriculumVitaeGenerator.csproj", "{85EBF5AB-6F26-4F5B-9563-A9844ABCF9AC}"
EndProject
Project("{FAE04EC0-301F-11D3-BF4B-00C04F79EFBC}") = "FileAppendText", "FileAppendText\FileAppendText.csproj", "{BCE6AB5A-9DFC-4623-A0EC-57D504F61249}"
EndProject
Project("{FAE04EC0-301F-11D3-BF4B-00C04F79EFBC}") = "FileCharacterRetrieval", "FileCharacterRetrieval\FileCharacterRetrieval.csproj", "{FE0AD637-62CB-4DEC-B22B-C397D6C1F559}"
EndProject
Project("{FAE04EC0-301F-11D3-BF4B-00C04F79EFBC}") = "FileCopyUtility", "FileCopyUtility\FileCopyUtility.csproj", "{963A8D39-A01E-4E1F-BBBA-EB3946B5D5E7}"
EndProject
Project("{FAE04EC0-301F-11D3-BF4B-00C04F79EFBC}") = "HospitalWaitingList", "HospitalWaitingList\HospitalWaitingList.csproj", "{D3A0DE7E-7F03-4F61-BF25-CEEE073902CE}"
EndProject
Project("{FAE04EC0-301F-11D3-BF4B-00C04F79EFBC}") = "PhoneIndex", "PhoneIndex\PhoneIndex.csproj", "{C81A19CF-0062-4EE9-B17F-4DAFCD7AF9E7}"
EndProject
Project("{FAE04EC0-301F-11D3-BF4B-00C04F79EFBC}") = "ProductCSVManager", "ProductCSVManager\ProductCSVManager.csproj", "{DCEC7831-C3BB-4AD1-9E8D-F52A88BCE7D2}"
EndProject
Project("{FAE04EC0-301F-11D3-BF4B-00C04F79EFBC}") = "RealEstateCompany", "RealEstateCompany\RealEstateCompany.csproj", "{B475E387-C3A7-44C5-9E5A-2879F3D48C7E}"
EndProject
Project("{FAE04EC0-301F-11D3-BF4B-00C04F79EFBC}") = "TemperatureCounter", "TemperatureCounter\TemperatureCounter.csproj", "{18ECDEAB-9976-4AD0-B74F-FA76A31B316E}"
EndProject
Project("{FAE04EC0-301F-11D3-BF4B-00C04F79EFBC}") = "VehicleRegistration", "VehicleRegistration\VehicleRegistration.csproj", "{EC2CE808-FC71-4E3F-AEBD-9C358FB3A543}"
EndProject
Global
	GlobalSection(SolutionConfigurationPlatforms) = preSolution
		Debug|Any CPU = Debug|Any CPU
		Debug|x64 = Debug|x64
		Debug|x86 = Debug|x86
		Release|Any CPU = Release|Any CPU
		Release|x64 = Release|x64
		Release|x86 = Release|x86
	EndGlobalSection
	GlobalSection(ProjectConfigurationPlatforms) = postSolution
		{64A7792D-C4DF-4152-B1C6-B560747BB652}.Debug|Any CPU.ActiveCfg = Debug|Any CPU
		{64A7792D-C4DF-4152-B1C6-B560747BB652}.Debug|Any CPU.Build.0 = Debug|Any CPU
		{64A7792D-C4DF-4152-B1C6-B560747BB652}.Debug|x64.ActiveCfg = Debug|Any CPU
		{64A7792D-C4DF-4152-B1C6-B560747BB652}.Debug|x64.Build.0 = Debug|Any CPU
		{64A7792D-C4DF-4152-B1C6-B560747BB652}.Debug|x86.ActiveCfg = Debug|Any CPU
		{64A7792D-C4DF-4152-B1C6-B560747BB652}.Debug|x86.Build.0 = Debug|Any CPU
		{64A7792D-C4DF-4152-B1C6-B560747BB652}.Release|Any CPU.ActiveCfg = Release|Any CPU
		{64A7792D-C4DF-4152-B1C6-B560747BB652}.Release|Any CPU.Build.0 = Release|Any CPU
		{64A7792D-C4DF-4152-B1C6-B560747BB652}.Release|x64.ActiveCfg = Release|Any CPU
		{64A7792D-C4DF-4152-B1C6-B560747BB652}.Release|x64.Build.0 = Release|Any CPU
		{64A7792D-C4DF-4152-B1C6-B560747BB652}.Release|x86.ActiveCfg = Release|Any CPU
		{64A7792D-C4DF-4152-B1C6-B560747BB652}.Release|x86.Build.0 = Release|Any CPU
		{09FAAA80-101F-439F-846D-7068A2381061}.Debug|Any CPU.ActiveCfg = Debug|Any CPU
		{09FAAA80-101F-439F-846D-7068A2381061}.Debug|Any CPU.Build.0 = Debug|Any CPU
		{09FAAA80-101F-439F-846D-7068A2381061}.Debug|x64.ActiveCfg = Debug|Any CPU
		{09FAAA80-101F-439F-846D-7068A2381061}.Debug|x64.Build.0 = Debug|Any CPU
		{09FAAA80-101F-439F-846D-7068A2381061}.Debug|x86.ActiveCfg = Debug|Any CPU
		{09FAAA80-101F-439F-846D-7068A2381061}.Debug|x86.Build.0 = Debug|Any CPU
		{09FAAA80-101F-439F-846D-7068A2381061}.Release|Any CPU.ActiveCfg = Release|Any CPU
		{09FAAA80-101F-439F-846D-7068A2381061}.Release|Any CPU.Build.0 = Release|Any CPU
		{09FAAA80-101F-439F-846D-7068A2381061}.Release|x64.ActiveCfg = Release|Any CPU
		{09FAAA80-101F-439F-846D-7068A2381061}.Release|x64.Build.0 = Release|Any CPU
		{09FAAA80-101F-439F-846D-7068A2381061}.Release|x86.ActiveCfg = Release|Any CPU
		{09FAAA80-101F-439F-846D-7068A2381061}.Release|x86.Build.0 = Release|Any CPU
		{56004780-9A53-46FE-A466-A3375560D246}.Debug|Any CPU.ActiveCfg = Debug|Any CPU
		{56004780-9A53-46FE-A466-A3375560D246}.Debug|Any CPU.Build.0 = Debug|Any CPU
		{56004780-9A53-46FE-A466-A3375560D246}.Debug|x64.ActiveCfg = Debug|Any CPU
		{56004780-9A53-46FE-A466-A3375560D246}.Debug|x64.Build.0 = Debug|Any CPU
		{56004780-9A53-46FE-A466-A3375560D246}.Debug|x86.ActiveCfg = Debug|Any CPU
		{56004780-9A53-46FE-A466-A3375560D246}.Debug|x86.Build.0 = Debug|Any CPU
		{56004780-9A53-46FE-A466-A3375560D246}.Release|Any CPU.ActiveCfg = Release|Any CPU
		{56004780-9A53-46FE-A466-A3375560D246}.Release|Any CPU.Build.0 = Release|Any CPU
		{56004780-9A53-46FE-A466-A3375560D246}.Release|x64.ActiveCfg = Release|Any CPU
		{56004780-9A53-46FE-A466-A3375560D246}.Release|x64.Build.0 = Release|Any CPU
		{56004780-9A53-46FE-A466-A3375560D246}.Release|x86.ActiveCfg = Release|Any CPU
		{56004780-9A53-46FE-A466-A3375560D246}.Release|x86.Build.0 = Release|Any CPU
		{997C98B2-6EB6-4339-8764-45477B594AE9}.Debug|Any CPU.ActiveCfg = Debug|Any CPU
		{997C98B2-6EB6-4339-8764-45477B594AE9}.Debug|Any CPU.Build.0 = Debug|Any CPU
		{997C98B2-6EB6-4339-8764-45477B594AE9}.Debug|x64.ActiveCfg = Debug|Any CPU
		{997C98B2-6EB6-4339-8764-45477B594AE9}.Debug|x64.Build.0 = Debug|Any CPU
		{997C98B2-6EB6-4339-8764-45477B594AE9}.Debug|x86.ActiveCfg = Debug|Any CPU
		{997C98B2-6EB6-4339-8764-45477B594AE9}.Debug|x86.Build.0 = Debug|Any CPU
		{997C98B2-6EB6-4339-8764-45477B594AE9}.Release|Any CPU.ActiveCfg = Release|Any CPU
		{997C98B2-6EB6-4339-8764-45477B594AE9}.Release|Any CPU.Build.0 = Release|Any CPU
		{997C98B2-6EB6-4339-8764-45477B594AE9}.Release|x64.ActiveCfg = Release|Any CPU
		{997C98B2-6EB6-4339-8764-45477B594AE9}.Release|x64.Build.0 = Release|Any CPU
		{997C98B2-6EB6-4339-8764-45477B594AE9}.Release|x86.ActiveCfg = Release|Any CPU
		{997C98B2-6EB6-4339-8764-45477B594AE9}.Release|x86.Build.0 = Release|Any CPU
		{463A5BE5-F9A5-42D3-820B-53945A4C1F2C}.Debug|Any CPU.ActiveCfg = Debug|Any CPU
		{463A5BE5-F9A5-42D3-820B-53945A4C1F2C}.Debug|Any CPU.Build.0 = Debug|Any CPU
		{463A5BE5-F9A5-42D3-820B-53945A4C1F2C}.Debug|x64.ActiveCfg = Debug|Any CPU
		{463A5BE5-F9A5-42D3-820B-53945A4C1F2C}.Debug|x64.Build.0 = Debug|Any CPU
		{463A5BE5-F9A5-42D3-820B-53945A4C1F2C}.Debug|x86.ActiveCfg = Debug|Any CPU
		{463A5BE5-F9A5-42D3-820B-53945A4C1F2C}.Debug|x86.Build.0 = Debug|Any CPU
		{463A5BE5-F9A5-42D3-820B-53945A4C1F2C}.Release|Any CPU.ActiveCfg = Release|Any CPU
		{463A5BE5-F9A5-42D3-820B-53945A4C1F2C}.Release|Any CPU.Build.0 = Release|Any CPU
		{463A5BE5-F9A5-42D3-820B-53945A4C1F2C}.Release|x64.ActiveCfg = Release|Any CPU
		{463A5BE5-F9A5-42D3-820B-53945A4C1F2C}.Release|x64.Build.0 = Release|Any CPU
		{463A5BE5-F9A5-42D3-820B-53945A4C1F2C}.Release|x86.ActiveCfg = Release|Any CPU
		{463A5BE5-F9A5-42D3-820B-53945A4C1F2C}.Release|x86.Build.0 = Release|Any CPU
		{5F229CF8-9C6A-4D6C-A6A2-6CCFD8A5465F}.Debug|Any CPU.ActiveCfg = Debug|Any CPU
		{5F229CF8-9C6A-4D6C-A6A2-6CCFD8A5465F}.Debug|Any CPU.Build.0 = Debug|Any CPU
		{5F229CF8-9C6A-4D6C-A6A2-6CCFD8A5465F}.Debug|x64.ActiveCfg = Debug|Any CPU
		{5F229CF8-9C6A-4D6C-A6A2-6CCFD8A5465F}.Debug|x64.Build.0 = Debug|Any CPU
		{5F229CF8-9C6A-4D6C-A6A2-6CCFD8A5465F}.Debug|x86.ActiveCfg = Debug|Any CPU
		{5F229CF8-9C6A-4D6C-A6A2-6CCFD8A5465F}.Debug|x86.Build.0 = Debug|Any CPU
		{5F229CF8-9C6A-4D6C-A6A2-6CCFD8A5465F}.Release|Any CPU.ActiveCfg = Release|Any CPU
		{5F229CF8-9C6A-4D6C-A6A2-6CCFD8A5465F}.Release|Any CPU.Build.0 = Release|Any CPU
		{5F229CF8-9C6A-4D6C-A6A2-6CCFD8A5465F}.Release|x64.ActiveCfg = Release|Any CPU
		{5F229CF8-9C6A-4D6C-A6A2-6CCFD8A5465F}.Release|x64.Build.0 = Release|Any CPU
		{5F229CF8-9C6A-4D6C-A6A2-6CCFD8A5465F}.Release|x86.ActiveCfg = Release|Any CPU
		{5F229CF8-9C6A-4D6C-A6A2-6CCFD8A5465F}.Release|x86.Build.0 = Release|Any CPU
		{E83E86BC-12C7-44F5-9DDD-07AEA6287BA1}.Debug|Any CPU.ActiveCfg = Debug|Any CPU
		{E83E86BC-12C7-44F5-9DDD-07AEA6287BA1}.Debug|Any CPU.Build.0 = Debug|Any CPU
		{E83E86BC-12C7-44F5-9DDD-07AEA6287BA1}.Debug|x64.ActiveCfg = Debug|Any CPU
		{E83E86BC-12C7-44F5-9DDD-07AEA6287BA1}.Debug|x64.Build.0 = Debug|Any CPU
		{E83E86BC-12C7-44F5-9DDD-07AEA6287BA1}.Debug|x86.ActiveCfg = Debug|Any CPU
		{E83E86BC-12C7-44F5-9DDD-07AEA6287BA1}.Debug|x86.Build.0 = Debug|Any CPU
		{E83E86BC-12C7-44F5-9DDD-07AEA6287BA1}.Release|Any CPU.ActiveCfg = Release|Any CPU
		{E83E86BC-12C7-44F5-9DDD-07AEA6287BA1}.Release|Any CPU.Build.0 = Release|Any CPU
		{E83E86BC-12C7-44F5-9DDD-07AEA6287BA1}.Release|x64.ActiveCfg = Release|Any CPU
		{E83E86BC-12C7-44F5-9DDD-07AEA6287BA1}.Release|x64.Build.0 = Release|Any CPU
		{E83E86BC-12C7-44F5-9DDD-07AEA6287BA1}.Release|x86.ActiveCfg = Release|Any CPU
		{E83E86BC-12C7-44F5-9DDD-07AEA6287BA1}.Release|x86.Build.0 = Release|Any CPU
		{FDB6FDBB-EE46-4C39-ADA3-7295DD14F73F}.Debug|Any CPU.ActiveCfg = Debug|Any CPU
		{FDB6FDBB-EE46-4C39-ADA3-7295DD14F73F}.Debug|Any CPU.Build.0 = Debug|Any CPU
		{FDB6FDBB-EE46-4C39-ADA3-7295DD14F73F}.Debug|x64.ActiveCfg = Debug|Any CPU
		{FDB6FDBB-EE46-4C39-ADA3-7295DD14F73F}.Debug|x64.Build.0 = Debug|Any CPU
		{FDB6FDBB-EE46-4C39-ADA3-7295DD14F73F}.Debug|x86.ActiveCfg = Debug|Any CPU
		{FDB6FDBB-EE46-4C39-ADA3-7295DD14F73F}.Debug|x86.Build.0 = Debug|Any CPU
		{FDB6FDBB-EE46-4C39-ADA3-7295DD14F73F}.Release|Any CPU.ActiveCfg = Release|Any CPU
		{FDB6FDBB-EE46-4C39-ADA3-7295DD14F73F}.Release|Any CPU.Build.0 = Release|Any CPU
		{FDB6FDBB-EE46-4C39-ADA3-7295DD14F73F}.Release|x64.ActiveCfg = Release|Any CPU
		{FDB6FDBB-EE46-4C39-ADA3-7295DD14F73F}.Release|x64.Build.0 = Release|Any CPU
		{FDB6FDBB-EE46-4C39-ADA3-7295DD14F73F}.Release|x86.ActiveCfg = Release|Any CPU
		{FDB6FDBB-EE46-4C39-ADA3-7295DD14F73F}.Release|x86.Build.0 = Release|Any CPU
		{B828832F-C385-4463-908B-83D44A30D4A0}.Debug|Any CPU.ActiveCfg = Debug|Any CPU
		{B828832F-C385-4463-908B-83D44A30D4A0}.Debug|Any CPU.Build.0 = Debug|Any CPU
		{B828832F-C385-4463-908B-83D44A30D4A0}.Debug|x64.ActiveCfg = Debug|Any CPU
		{B828832F-C385-4463-908B-83D44A30D4A0}.Debug|x64.Build.0 = Debug|Any CPU
		{B828832F-C385-4463-908B-83D44A30D4A0}.Debug|x86.ActiveCfg = Debug|Any CPU
		{B828832F-C385-4463-908B-83D44A30D4A0}.Debug|x86.Build.0 = Debug|Any CPU
		{B828832F-C385-4463-908B-83D44A30D4A0}.Release|Any CPU.ActiveCfg = Release|Any CPU
		{B828832F-C385-4463-908B-83D44A30D4A0}.Release|Any CPU.Build.0 = Release|Any CPU
		{B828832F-C385-4463-908B-83D44A30D4A0}.Release|x64.ActiveCfg = Release|Any CPU
		{B828832F-C385-4463-908B-83D44A30D4A0}.Release|x64.Build.0 = Release|Any CPU
		{B828832F-C385-4463-908B-83D44A30D4A0}.Release|x86.ActiveCfg = Release|Any CPU
		{B828832F-C385-4463-908B-83D44A30D4A0}.Release|x86.Build.0 = Release|Any CPU
		{0884E699-61F8-4D11-A15E-3BB2E21D3ED1}.Debug|Any CPU.ActiveCfg = Debug|Any CPU
		{0884E699-61F8-4D11-A15E-3BB2E21D3ED1}.Debug|Any CPU.Build.0 = Debug|Any CPU
		{0884E699-61F8-4D11-A15E-3BB2E21D3ED1}.Debug|x64.ActiveCfg = Debug|Any CPU
		{0884E699-61F8-4D11-A15E-3BB2E21D3ED1}.Debug|x64.Build.0 = Debug|Any CPU
		{0884E699-61F8-4D11-A15E-3BB2E21D3ED1}.Debug|x86.ActiveCfg = Debug|Any CPU
		{0884E699-61F8-4D11-A15E-3BB2E21D3ED1}.Debug|x86.Build.0 = Debug|Any CPU
		{0884E699-61F8-4D11-A15E-3BB2E21D3ED1}.Release|Any CPU.ActiveCfg = Release|Any CPU
		{0884E699-61F8-4D11-A15E-3BB2E21D3ED1}.Release|Any CPU.Build.0 = Release|Any CPU
		{0884E699-61F8-4D11-A15E-3BB2E21D3ED1}.Release|x64.ActiveCfg = Release|Any CPU
		{0884E699-61F8-4D11-A15E-3BB2E21D3ED1}.Release|x64.Build.0 = Release|Any CPU
		{0884E699-61F8-4D11-A15E-3BB2E21D3ED1}.Release|x86.ActiveCfg = Release|Any CPU
		{0884E699-61F8-4D11-A15E-3BB2E21D3ED1}.Release|x86.Build.0 = Release|Any CPU
		{6B94D570-5791-42A6-853D-014AA31CF45F}.Debug|Any CPU.ActiveCfg = Debug|Any CPU
		{6B94D570-5791-42A6-853D-014AA31CF45F}.Debug|Any CPU.Build.0 = Debug|Any CPU
		{6B94D570-5791-42A6-853D-014AA31CF45F}.Debug|x64.ActiveCfg = Debug|Any CPU
		{6B94D570-5791-42A6-853D-014AA31CF45F}.Debug|x64.Build.0 = Debug|Any CPU
		{6B94D570-5791-42A6-853D-014AA31CF45F}.Debug|x86.ActiveCfg = Debug|Any CPU
		{6B94D570-5791-42A6-853D-014AA31CF45F}.Debug|x86.Build.0 = Debug|Any CPU
		{6B94D570-5791-42A6-853D-014AA31CF45F}.Release|Any CPU.ActiveCfg = Release|Any CPU
		{6B94D570-5791-42A6-853D-014AA31CF45F}.Release|Any CPU.Build.0 = Release|Any CPU
		{6B94D570-5791-42A6-853D-014AA31CF45F}.Release|x64.ActiveCfg = Release|Any CPU
		{6B94D570-5791-42A6-853D-014AA31CF45F}.Release|x64.Build.0 = Release|Any CPU
		{6B94D570-5791-42A6-853D-014AA31CF45F}.Release|x86.ActiveCfg = Release|Any CPU
		{6B94D570-5791-42A6-853D-014AA31CF45F}.Release|x86.Build.0 = Release|Any CPU
		{B9AF54D2-1F73-4206-9C35-AE0639A45F8A}.Debug|Any CPU.ActiveCfg = Debug|Any CPU
		{B9AF54D2-1F73-4206-9C35-AE0639A45F8A}.Debug|Any CPU.Build.0 = Debug|Any CPU
		{B9AF54D2-1F73-4206-9C35-AE0639A45F8A}.Debug|x64.ActiveCfg = Debug|Any CPU
		{B9AF54D2-1F73-4206-9C35-AE0639A45F8A}.Debug|x64.Build.0 = Debug|Any CPU
		{B9AF54D2-1F73-4206-9C35-AE0639A45F8A}.Debug|x86.ActiveCfg = Debug|Any CPU
		{B9AF54D2-1F73-4206-9C35-AE0639A45F8A}.Debug|x86.Build.0 = Debug|Any CPU
		{B9AF54D2-1F73-4206-9C35-AE0639A45F8A}.Release|Any CPU.ActiveCfg = Release|Any CPU
		{B9AF54D2-1F73-4206-9C35-AE0639A45F8A}.Release|Any CPU.Build.0 = Release|Any CPU
		{B9AF54D2-1F73-4206-9C35-AE0639A45F8A}.Release|x64.ActiveCfg = Release|Any CPU
		{B9AF54D2-1F73-4206-9C35-AE0639A45F8A}.Release|x64.Build.0 = Release|Any CPU
		{B9AF54D2-1F73-4206-9C35-AE0639A45F8A}.Release|x86.ActiveCfg = Release|Any CPU
		{B9AF54D2-1F73-4206-9C35-AE0639A45F8A}.Release|x86.Build.0 = Release|Any CPU
		{85EBF5AB-6F26-4F5B-9563-A9844ABCF9AC}.Debug|Any CPU.ActiveCfg = Debug|Any CPU
		{85EBF5AB-6F26-4F5B-9563-A9844ABCF9AC}.Debug|Any CPU.Build.0 = Debug|Any CPU
		{85EBF5AB-6F26-4F5B-9563-A9844ABCF9AC}.Debug|x64.ActiveCfg = Debug|Any CPU
		{85EBF5AB-6F26-4F5B-9563-A9844ABCF9AC}.Debug|x64.Build.0 = Debug|Any CPU
		{85EBF5AB-6F26-4F5B-9563-A9844ABCF9AC}.Debug|x86.ActiveCfg = Debug|Any CPU
		{85EBF5AB-6F26-4F5B-9563-A9844ABCF9AC}.Debug|x86.Build.0 = Debug|Any CPU
		{85EBF5AB-6F26-4F5B-9563-A9844ABCF9AC}.Release|Any CPU.ActiveCfg = Release|Any CPU
		{85EBF5AB-6F26-4F5B-9563-A9844ABCF9AC}.Release|Any CPU.Build.0 = Release|Any CPU
		{85EBF5AB-6F26-4F5B-9563-A9844ABCF9AC}.Release|x64.ActiveCfg = Release|Any CPU
		{85EBF5AB-6F26-4F5B-9563-A9844ABCF9AC}.Release|x64.Build.0 = Release|Any CPU
		{85EBF5AB-6F26-4F5B-9563-A9844ABCF9AC}.Release|x86.ActiveCfg = Release|Any CPU
		{85EBF5AB-6F26-4F5B-9563-A9844ABCF9AC}.Release|x86.Build.0 = Release|Any CPU
		{BCE6AB5A-9DFC-4623-A0EC-57D504F61249}.Debug|Any CPU.ActiveCfg = Debug|Any CPU
		{BCE6AB5A-9DFC-4623-A0EC-57D504F61249}.Debug|Any CPU.Build.0 = Debug|Any CPU
		{BCE6AB5A-9DFC-4623-A0EC-57D504F61249}.Debug|x64.ActiveCfg = Debug|Any CPU
		{BCE6AB5A-9DFC-4623-A0EC-57D504F61249}.Debug|x64.Build.0 = Debug|Any CPU
		{BCE6AB5A-9DFC-4623-A0EC-57D504F61249}.Debug|x86.ActiveCfg = Debug|Any CPU
		{BCE6AB5A-9DFC-4623-A0EC-57D504F61249}.Debug|x86.Build.0 = Debug|Any CPU
		{BCE6AB5A-9DFC-4623-A0EC-57D504F61249}.Release|Any CPU.ActiveCfg = Release|Any CPU
		{BCE6AB5A-9DFC-4623-A0EC-57D504F61249}.Release|Any CPU.Build.0 = Release|Any CPU
		{BCE6AB5A-9DFC-4623-A0EC-57D504F61249}.Release|x64.ActiveCfg = Release|Any CPU
		{BCE6AB5A-9DFC-4623-A0EC-57D504F61249}.Release|x64.Build.0 = Release|Any CPU
		{BCE6AB5A-9DFC-4623-A0EC-57D504F61249}.Release|x86.ActiveCfg = Release|Any CPU
		{BCE6AB5A-9DFC-4623-A0EC-57D504F61249}.Release|x86.Build.0 = Release|Any CPU
		{FE0AD637-62CB-4DEC-B22B-C397D6C1F559}.Debug|Any CPU.ActiveCfg = Debug|Any CPU
		{FE0AD637-62CB-4DEC-B22B-C397D6C1F559}.Debug|Any CPU.Build.0 = Debug|Any CPU
		{FE0AD637-62CB-4DEC-B22B-C397D6C1F559}.Debug|x64.ActiveCfg = Debug|Any CPU
		{FE0AD637-62CB-4DEC-B22B-C397D6C1F559}.Debug|x64.Build.0 = Debug|Any CPU
		{FE0AD637-62CB-4DEC-B22B-C397D6C1F559}.Debug|x86.ActiveCfg = Debug|Any CPU
		{FE0AD637-62CB-4DEC-B22B-C397D6C1F559}.Debug|x86.Build.0 = Debug|Any CPU
		{FE0AD637-62CB-4DEC-B22B-C397D6C1F559}.Release|Any CPU.ActiveCfg = Release|Any CPU
		{FE0AD637-62CB-4DEC-B22B-C397D6C1F559}.Release|Any CPU.Build.0 = Release|Any CPU
		{FE0AD637-62CB-4DEC-B22B-C397D6C1F559}.Release|x64.ActiveCfg = Release|Any CPU
		{FE0AD637-62CB-4DEC-B22B-C397D6C1F559}.Release|x64.Build.0 = Release|Any CPU
		{FE0AD637-62CB-4DEC-B22B-C397D6C1F559}.Release|x86.ActiveCfg = Release|Any CPU
		{FE0AD637-62CB-4DEC-B22B-C397D6C1F559}.Release|x86.Build.0 = Release|Any CPU
		{963A8D39-A01E-4E1F-BBBA-EB3946B5D5E7}.Debug|Any CPU.ActiveCfg = Debug|Any CPU
		{963A8D39-A01E-4E1F-BBBA-EB3946B5D5E7}.Debug|Any CPU.Build.0 = Debug|Any CPU
		{963A8D39-A01E-4E1F-BBBA-EB3946B5D5E7}.Debug|x64.ActiveCfg = Debug|Any CPU
		{963A8D39-A01E-4E1F-BBBA-EB3946B5D5E7}.Debug|x64.Build.0 = Debug|Any CPU
		{963A8D39-A01E-4E1F-BBBA-EB3946B5D5E7}.Debug|x86.ActiveCfg = Debug|Any CPU
		{963A8D39-A01E-4E1F-BBBA-EB3946B5D5E7}.Debug|x86.Build.0 = Debug|Any CPU
		{963A8D39-A01E-4E1F-BBBA-EB3946B5D5E7}.Release|Any CPU.ActiveCfg = Release|Any CPU
		{963A8D39-A01E-4E1F-BBBA-EB3946B5D5E7}.Release|Any CPU.Build.0 = Release|Any CPU
		{963A8D39-A01E-4E1F-BBBA-EB3946B5D5E7}.Release|x64.ActiveCfg = Release|Any CPU
		{963A8D39-A01E-4E1F-BBBA-EB3946B5D5E7}.Release|x64.Build.0 = Release|Any CPU
		{963A8D39-A01E-4E1F-BBBA-EB3946B5D5E7}.Release|x86.ActiveCfg = Release|Any CPU
		{963A8D39-A01E-4E1F-BBBA-EB3946B5D5E7}.Release|x86.Build.0 = Release|Any CPU
		{D3A0DE7E-7F03-4F61-BF25-CEEE073902CE}.Debug|Any CPU.ActiveCfg = Debug|Any CPU
		{D3A0DE7E-7F03-4F61-BF25-CEEE073902CE}.Debug|Any CPU.Build.0 = Debug|Any CPU
		{D3A0DE7E-7F03-4F61-BF25-CEEE073902CE}.Debug|x64.ActiveCfg = Debug|Any CPU
		{D3A0DE7E-7F03-4F61-BF25-CEEE073902CE}.Debug|x64.Build.0 = Debug|Any CPU
		{D3A0DE7E-7F03-4F61-BF25-CEEE073902CE}.Debug|x86.ActiveCfg = Debug|Any CPU
		{D3A0DE7E-7F03-4F61-BF25-CEEE073902CE}.Debug|x86.Build.0 = Debug|Any CPU
		{D3A0DE7E-7F03-4F61-BF25-CEEE073902CE}.Release|Any CPU.ActiveCfg = Release|Any CPU
		{D3A0DE7E-7F03-4F61-BF25-CEEE073902CE}.Release|Any CPU.Build.0 = Release|Any CPU
		{D3A0DE7E-7F03-4F61-BF25-CEEE073902CE}.Release|x64.ActiveCfg = Release|Any CPU
		{D3A0DE7E-7F03-4F61-BF25-CEEE073902CE}.Release|x64.Build.0 = Release|Any CPU
		{D3A0DE7E-7F03-4F61-BF25-CEEE073902CE}.Release|x86.ActiveCfg = Release|Any CPU
		{D3A0DE7E-7F03-4F61-BF25-CEEE073902CE}.Release|x86.Build.0 = Release|Any CPU
		{C81A19CF-0062-4EE9-B17F-4DAFCD7AF9E7}.Debug|Any CPU.ActiveCfg = Debug|Any CPU
		{C81A19CF-0062-4EE9-B17F-4DAFCD7AF9E7}.Debug|Any CPU.Build.0 = Debug|Any CPU
		{C81A19CF-0062-4EE9-B17F-4DAFCD7AF9E7}.Debug|x64.ActiveCfg = Debug|Any CPU
		{C81A19CF-0062-4EE9-B17F-4DAFCD7AF9E7}.Debug|x64.Build.0 = Debug|Any CPU
		{C81A19CF-0062-4EE9-B17F-4DAFCD7AF9E7}.Debug|x86.ActiveCfg = Debug|Any CPU
		{C81A19CF-0062-4EE9-B17F-4DAFCD7AF9E7}.Debug|x86.Build.0 = Debug|Any CPU
		{C81A19CF-0062-4EE9-B17F-4DAFCD7AF9E7}.Release|Any CPU.ActiveCfg = Release|Any CPU
		{C81A19CF-0062-4EE9-B17F-4DAFCD7AF9E7}.Release|Any CPU.Build.0 = Release|Any CPU
		{C81A19CF-0062-4EE9-B17F-4DAFCD7AF9E7}.Release|x64.ActiveCfg = Release|Any CPU
		{C81A19CF-0062-4EE9-B17F-4DAFCD7AF9E7}.Release|x64.Build.0 = Release|Any CPU
		{C81A19CF-0062-4EE9-B17F-4DAFCD7AF9E7}.Release|x86.ActiveCfg = Release|Any CPU
		{C81A19CF-0062-4EE9-B17F-4DAFCD7AF9E7}.Release|x86.Build.0 = Release|Any CPU
		{DCEC7831-C3BB-4AD1-9E8D-F52A88BCE7D2}.Debug|Any CPU.ActiveCfg = Debug|Any CPU
		{DCEC7831-C3BB-4AD1-9E8D-F52A88BCE7D2}.Debug|Any CPU.Build.0 = Debug|Any CPU
		{DCEC7831-C3BB-4AD1-9E8D-F52A88BCE7D2}.Debug|x64.ActiveCfg = Debug|Any CPU
		{DCEC7831-C3BB-4AD1-9E8D-F52A88BCE7D2}.Debug|x64.Build.0 = Debug|Any CPU
		{DCEC7831-C3BB-4AD1-9E8D-F52A88BCE7D2}.Debug|x86.ActiveCfg = Debug|Any CPU
		{DCEC7831-C3BB-4AD1-9E8D-F52A88BCE7D2}.Debug|x86.Build.0 = Debug|Any CPU
		{DCEC7831-C3BB-4AD1-9E8D-F52A88BCE7D2}.Release|Any CPU.ActiveCfg = Release|Any CPU
		{DCEC7831-C3BB-4AD1-9E8D-F52A88BCE7D2}.Release|Any CPU.Build.0 = Release|Any CPU
		{DCEC7831-C3BB-4AD1-9E8D-F52A88BCE7D2}.Release|x64.ActiveCfg = Release|Any CPU
		{DCEC7831-C3BB-4AD1-9E8D-F52A88BCE7D2}.Release|x64.Build.0 = Release|Any CPU
		{DCEC7831-C3BB-4AD1-9E8D-F52A88BCE7D2}.Release|x86.ActiveCfg = Release|Any CPU
		{DCEC7831-C3BB-4AD1-9E8D-F52A88BCE7D2}.Release|x86.Build.0 = Release|Any CPU
		{B475E387-C3A7-44C5-9E5A-2879F3D48C7E}.Debug|Any CPU.ActiveCfg = Debug|Any CPU
		{B475E387-C3A7-44C5-9E5A-2879F3D48C7E}.Debug|Any CPU.Build.0 = Debug|Any CPU
		{B475E387-C3A7-44C5-9E5A-2879F3D48C7E}.Debug|x64.ActiveCfg = Debug|Any CPU
		{B475E387-C3A7-44C5-9E5A-2879F3D48C7E}.Debug|x64.Build.0 = Debug|Any CPU
		{B475E387-C3A7-44C5-9E5A-2879F3D48C7E}.Debug|x86.ActiveCfg = Debug|Any CPU
		{B475E387-C3A7-44C5-9E5A-2879F3D48C7E}.Debug|x86.Build.0 = Debug|Any CPU
		{B475E387-C3A7-44C5-9E5A-2879F3D48C7E}.Release|Any CPU.ActiveCfg = Release|Any CPU
		{B475E387-C3A7-44C5-9E5A-2879F3D48C7E}.Release|Any CPU.Build.0 = Release|Any CPU
		{B475E387-C3A7-44C5-9E5A-2879F3D48C7E}.Release|x64.ActiveCfg = Release|Any CPU
		{B475E387-C3A7-44C5-9E5A-2879F3D48C7E}.Release|x64.Build.0 = Release|Any CPU
		{B475E387-C3A7-44C5-9E5A-2879F3D48C7E}.Release|x86.ActiveCfg = Release|Any CPU
		{B475E387-C3A7-44C5-9E5A-2879F3D48C7E}.Release|x86.Build.0 = Release|Any CPU
		{18ECDEAB-9976-4AD0-B74F-FA76A31B316E}.Debug|Any CPU.ActiveCfg = Debug|Any CPU
		{18ECDEAB-9976-4AD0-B74F-FA76A31B316E}.Debug|Any CPU.Build.0 = Debug|Any CPU
		{18ECDEAB-9976-4AD0-B74F-FA76A31B316E}.Debug|x64.ActiveCfg = Debug|Any CPU
		{18ECDEAB-9976-4AD0-B74F-FA76A31B316E}.Debug|x64.Build.0 = Debug|Any CPU
		{18ECDEAB-9976-4AD0-B74F-FA76A31B316E}.Debug|x86.ActiveCfg = Debug|Any CPU
		{18ECDEAB-9976-4AD0-B74F-FA76A31B316E}.Debug|x86.Build.0 = Debug|Any CPU
		{18ECDEAB-9976-4AD0-B74F-FA76A31B316E}.Release|Any CPU.ActiveCfg = Release|Any CPU
		{18ECDEAB-9976-4AD0-B74F-FA76A31B316E}.Release|Any CPU.Build.0 = Release|Any CPU
		{18ECDEAB-9976-4AD0-B74F-FA76A31B316E}.Release|x64.ActiveCfg = Release|Any CPU
		{18ECDEAB-9976-4AD0-B74F-FA76A31B316E}.Release|x64.Build.0 = Release|Any CPU
		{18ECDEAB-9976-4AD0-B74F-FA76A31B316E}.Release|x86.ActiveCfg = Release|Any CPU
		{18ECDEAB-9976-4AD0-B74F-FA76A31B316E}.Release|x86.Build.0 = Release|Any CPU
		{EC2CE808-FC71-4E3F-AEBD-9C358FB3A543}.Debug|Any CPU.ActiveCfg = Debug|Any CPU
		{EC2CE808-FC71-4E3F-AEBD-9C358FB3A543}.Debug|Any CPU.Build.0 = Debug|Any CPU
		{EC2CE808-FC71-4E3F-AEBD-9C358FB3A543}.Debug|x64.ActiveCfg = Debug|Any CPU
		{EC2CE808-FC71-4E3F-AEBD-9C358FB3A543}.Debug|x64.Build.0 = Debug|Any CPU
		{EC2CE808-FC71-4E3F-AEBD-9C358FB3A543}.Debug|x86.ActiveCfg = Debug|Any CPU
		{EC2CE808-FC71-4E3F-AEBD-9C358FB3A543}.Debug|x86.Build.0 = Debug|Any CPU
		{EC2CE808-FC71-4E3F-AEBD-9C358FB3A543}.Release|Any CPU.ActiveCfg = Release|Any CPU
		{EC2CE808-FC71-4E3F-AEBD-9C358FB3A543}.Release|Any CPU.Build.0 = Release|Any CPU
		{EC2CE808-FC71-4E3F-AEBD-9C358FB3A543}.Release|x64.ActiveCfg = Release|Any CPU
		{EC2CE808-FC71-4E3F-AEBD-9C358FB3A543}.Release|x64.Build.0 = Release|Any CPU
		{EC2CE808-FC71-4E3F-AEBD-9C358FB3A543}.Release|x86.ActiveCfg = Release|Any CPU
		{EC2CE808-FC71-4E3F-AEBD-9C358FB3A543}.Release|x86.Build.0 = Release|Any CPU
	EndGlobalSection
	GlobalSection(SolutionProperties) = preSolution
		HideSolutionNode = FALSE
	EndGlobalSection
	GlobalSection(ExtensibilityGlobals) = postSolution
		SolutionGuid = {51E81A24-DA6D-4C49-8097-1627B6467DF4}
	EndGlobalSection
EndGlobal
